// !$*UTF8*$!
{
	archiveVersion = 1;
	classes = {
	};
	objectVersion = 46;
	objects = {

/* Begin PBXBuildFile section */
		87D35F0116E3034F00DA4552 /* UIKit.framework in Frameworks */ = {isa = PBXBuildFile; fileRef = 87D35F0016E3034F00DA4552 /* UIKit.framework */; };
		87D35F0316E3034F00DA4552 /* Foundation.framework in Frameworks */ = {isa = PBXBuildFile; fileRef = 87D35F0216E3034F00DA4552 /* Foundation.framework */; };
		87D35F0516E3034F00DA4552 /* CoreGraphics.framework in Frameworks */ = {isa = PBXBuildFile; fileRef = 87D35F0416E3034F00DA4552 /* CoreGraphics.framework */; };
		87D35F0B16E3034F00DA4552 /* InfoPlist.strings in Resources */ = {isa = PBXBuildFile; fileRef = 87D35F0916E3034F00DA4552 /* InfoPlist.strings */; };
		87D35F0D16E3034F00DA4552 /* main.m in Sources */ = {isa = PBXBuildFile; fileRef = 87D35F0C16E3034F00DA4552 /* main.m */; };
		87D35F1116E3034F00DA4552 /* DESAppDelegate.m in Sources */ = {isa = PBXBuildFile; fileRef = 87D35F1016E3034F00DA4552 /* DESAppDelegate.m */; };
		87D35F1316E3034F00DA4552 /* Default.png in Resources */ = {isa = PBXBuildFile; fileRef = 87D35F1216E3034F00DA4552 /* Default.png */; };
		87D35F1516E3034F00DA4552 /* Default@2x.png in Resources */ = {isa = PBXBuildFile; fileRef = 87D35F1416E3034F00DA4552 /* Default@2x.png */; };
		87D35F1716E3034F00DA4552 /* Default-568h@2x.png in Resources */ = {isa = PBXBuildFile; fileRef = 87D35F1616E3034F00DA4552 /* Default-568h@2x.png */; };
		87D35F1A16E3034F00DA4552 /* MainStoryboard.storyboard in Resources */ = {isa = PBXBuildFile; fileRef = 87D35F1816E3034F00DA4552 /* MainStoryboard.storyboard */; };
		87D35F1D16E3034F00DA4552 /* DESViewController.m in Sources */ = {isa = PBXBuildFile; fileRef = 87D35F1C16E3034F00DA4552 /* DESViewController.m */; };
		87D35F2516E3062700DA4552 /* DESGame.m in Sources */ = {isa = PBXBuildFile; fileRef = 87D35F2416E3062700DA4552 /* DESGame.m */; };
		87D35F2916E3066200DA4552 /* DESLevenshtein.m in Sources */ = {isa = PBXBuildFile; fileRef = 87D35F2816E3066200DA4552 /* DESLevenshtein.m */; };
		87D35F3116E486EC00DA4552 /* DESHistoryViewController.m in Sources */ = {isa = PBXBuildFile; fileRef = 87D35F3016E486EC00DA4552 /* DESHistoryViewController.m */; };
		87D35F3416E5133500DA4552 /* commonwords.txt in Resources */ = {isa = PBXBuildFile; fileRef = 87D35F3316E5133500DA4552 /* commonwords.txt */; };
		87D35F3716E51EE200DA4552 /* libsqlite3.dylib in Frameworks */ = {isa = PBXBuildFile; fileRef = 87D35F3616E51EE200DA4552 /* libsqlite3.dylib */; };
		87D35F3916E52DF000DA4552 /* wordList.sqlite3 in Resources */ = {isa = PBXBuildFile; fileRef = 87D35F3816E52CBA00DA4552 /* wordList.sqlite3 */; };
/* End PBXBuildFile section */

/* Begin PBXFileReference section */
		87D35EFD16E3034F00DA4552 /* Toast.app */ = {isa = PBXFileReference; explicitFileType = wrapper.application; includeInIndex = 0; path = Toast.app; sourceTree = BUILT_PRODUCTS_DIR; };
		87D35F0016E3034F00DA4552 /* UIKit.framework */ = {isa = PBXFileReference; lastKnownFileType = wrapper.framework; name = UIKit.framework; path = System/Library/Frameworks/UIKit.framework; sourceTree = SDKROOT; };
		87D35F0216E3034F00DA4552 /* Foundation.framework */ = {isa = PBXFileReference; lastKnownFileType = wrapper.framework; name = Foundation.framework; path = System/Library/Frameworks/Foundation.framework; sourceTree = SDKROOT; };
		87D35F0416E3034F00DA4552 /* CoreGraphics.framework */ = {isa = PBXFileReference; lastKnownFileType = wrapper.framework; name = CoreGraphics.framework; path = System/Library/Frameworks/CoreGraphics.framework; sourceTree = SDKROOT; };
		87D35F0816E3034F00DA4552 /* Toast-Info.plist */ = {isa = PBXFileReference; lastKnownFileType = text.plist.xml; path = "Toast-Info.plist"; sourceTree = "<group>"; };
		87D35F0A16E3034F00DA4552 /* en */ = {isa = PBXFileReference; lastKnownFileType = text.plist.strings; name = en; path = en.lproj/InfoPlist.strings; sourceTree = "<group>"; };
		87D35F0C16E3034F00DA4552 /* main.m */ = {isa = PBXFileReference; lastKnownFileType = sourcecode.c.objc; path = main.m; sourceTree = "<group>"; };
		87D35F0E16E3034F00DA4552 /* Toast-Prefix.pch */ = {isa = PBXFileReference; lastKnownFileType = sourcecode.c.h; path = "Toast-Prefix.pch"; sourceTree = "<group>"; };
		87D35F0F16E3034F00DA4552 /* DESAppDelegate.h */ = {isa = PBXFileReference; lastKnownFileType = sourcecode.c.h; path = DESAppDelegate.h; sourceTree = "<group>"; };
		87D35F1016E3034F00DA4552 /* DESAppDelegate.m */ = {isa = PBXFileReference; lastKnownFileType = sourcecode.c.objc; path = DESAppDelegate.m; sourceTree = "<group>"; };
		87D35F1216E3034F00DA4552 /* Default.png */ = {isa = PBXFileReference; lastKnownFileType = image.png; path = Default.png; sourceTree = "<group>"; };
		87D35F1416E3034F00DA4552 /* Default@2x.png */ = {isa = PBXFileReference; lastKnownFileType = image.png; path = "Default@2x.png"; sourceTree = "<group>"; };
		87D35F1616E3034F00DA4552 /* Default-568h@2x.png */ = {isa = PBXFileReference; lastKnownFileType = image.png; path = "Default-568h@2x.png"; sourceTree = "<group>"; };
		87D35F1916E3034F00DA4552 /* en */ = {isa = PBXFileReference; lastKnownFileType = file.storyboard; name = en; path = en.lproj/MainStoryboard.storyboard; sourceTree = "<group>"; };
		87D35F1B16E3034F00DA4552 /* DESViewController.h */ = {isa = PBXFileReference; lastKnownFileType = sourcecode.c.h; path = DESViewController.h; sourceTree = "<group>"; };
		87D35F1C16E3034F00DA4552 /* DESViewController.m */ = {isa = PBXFileReference; lastKnownFileType = sourcecode.c.objc; path = DESViewController.m; sourceTree = "<group>"; };
		87D35F2316E3062700DA4552 /* DESGame.h */ = {isa = PBXFileReference; fileEncoding = 4; lastKnownFileType = sourcecode.c.h; name = DESGame.h; path = models/DESGame.h; sourceTree = "<group>"; };
		87D35F2416E3062700DA4552 /* DESGame.m */ = {isa = PBXFileReference; fileEncoding = 4; lastKnownFileType = sourcecode.c.objc; name = DESGame.m; path = models/DESGame.m; sourceTree = "<group>"; };
		87D35F2716E3066200DA4552 /* DESLevenshtein.h */ = {isa = PBXFileReference; fileEncoding = 4; lastKnownFileType = sourcecode.c.h; name = DESLevenshtein.h; path = models/DESLevenshtein.h; sourceTree = "<group>"; };
		87D35F2816E3066200DA4552 /* DESLevenshtein.m */ = {isa = PBXFileReference; fileEncoding = 4; lastKnownFileType = sourcecode.c.objc; name = DESLevenshtein.m; path = models/DESLevenshtein.m; sourceTree = "<group>"; };
		87D35F2F16E486EC00DA4552 /* DESHistoryViewController.h */ = {isa = PBXFileReference; fileEncoding = 4; lastKnownFileType = sourcecode.c.h; path = DESHistoryViewController.h; sourceTree = "<group>"; };
		87D35F3016E486EC00DA4552 /* DESHistoryViewController.m */ = {isa = PBXFileReference; fileEncoding = 4; lastKnownFileType = sourcecode.c.objc; path = DESHistoryViewController.m; sourceTree = "<group>"; };
		87D35F3316E5133500DA4552 /* commonwords.txt */ = {isa = PBXFileReference; fileEncoding = 4; lastKnownFileType = text; path = commonwords.txt; sourceTree = "<group>"; };
		87D35F3616E51EE200DA4552 /* libsqlite3.dylib */ = {isa = PBXFileReference; lastKnownFileType = "compiled.mach-o.dylib"; name = libsqlite3.dylib; path = usr/lib/libsqlite3.dylib; sourceTree = SDKROOT; };
		87D35F3816E52CBA00DA4552 /* wordList.sqlite3 */ = {isa = PBXFileReference; lastKnownFileType = file; path = wordList.sqlite3; sourceTree = "<group>"; };
/* End PBXFileReference section */

/* Begin PBXFrameworksBuildPhase section */
		87D35EFA16E3034F00DA4552 /* Frameworks */ = {
			isa = PBXFrameworksBuildPhase;
			buildActionMask = 2147483647;
			files = (
				87D35F3716E51EE200DA4552 /* libsqlite3.dylib in Frameworks */,
				87D35F0116E3034F00DA4552 /* UIKit.framework in Frameworks */,
				87D35F0316E3034F00DA4552 /* Foundation.framework in Frameworks */,
				87D35F0516E3034F00DA4552 /* CoreGraphics.framework in Frameworks */,
			);
			runOnlyForDeploymentPostprocessing = 0;
		};
/* End PBXFrameworksBuildPhase section */

/* Begin PBXGroup section */
		87D35EF416E3034F00DA4552 = {
			isa = PBXGroup;
			children = (
				87D35F3616E51EE200DA4552 /* libsqlite3.dylib */,
				87D35F0616E3034F00DA4552 /* Toast */,
				87D35EFF16E3034F00DA4552 /* Frameworks */,
				87D35EFE16E3034F00DA4552 /* Products */,
			);
			sourceTree = "<group>";
		};
		87D35EFE16E3034F00DA4552 /* Products */ = {
			isa = PBXGroup;
			children = (
				87D35EFD16E3034F00DA4552 /* Toast.app */,
			);
			name = Products;
			sourceTree = "<group>";
		};
		87D35EFF16E3034F00DA4552 /* Frameworks */ = {
			isa = PBXGroup;
			children = (
				87D35F0016E3034F00DA4552 /* UIKit.framework */,
				87D35F0216E3034F00DA4552 /* Foundation.framework */,
				87D35F0416E3034F00DA4552 /* CoreGraphics.framework */,
			);
			name = Frameworks;
			sourceTree = "<group>";
		};
		87D35F0616E3034F00DA4552 /* Toast */ = {
			isa = PBXGroup;
			children = (
				87D35F0F16E3034F00DA4552 /* DESAppDelegate.h */,
				87D35F1016E3034F00DA4552 /* DESAppDelegate.m */,
				87D35F3216E494F800DA4552 /* controllers */,
				87D35F2616E3062C00DA4552 /* models */,
				87D35F1816E3034F00DA4552 /* MainStoryboard.storyboard */,
				87D35F0716E3034F00DA4552 /* Supporting Files */,
			);
			path = Toast;
			sourceTree = "<group>";
		};
		87D35F0716E3034F00DA4552 /* Supporting Files */ = {
			isa = PBXGroup;
			children = (
				87D35F3816E52CBA00DA4552 /* wordList.sqlite3 */,
				87D35F3316E5133500DA4552 /* commonwords.txt */,
				87D35F0816E3034F00DA4552 /* Toast-Info.plist */,
				87D35F0916E3034F00DA4552 /* InfoPlist.strings */,
				87D35F0C16E3034F00DA4552 /* main.m */,
				87D35F0E16E3034F00DA4552 /* Toast-Prefix.pch */,
				87D35F1216E3034F00DA4552 /* Default.png */,
				87D35F1416E3034F00DA4552 /* Default@2x.png */,
				87D35F1616E3034F00DA4552 /* Default-568h@2x.png */,
			);
			name = "Supporting Files";
			sourceTree = "<group>";
		};
		87D35F2616E3062C00DA4552 /* models */ = {
			isa = PBXGroup;
			children = (
				87D35F2316E3062700DA4552 /* DESGame.h */,
				87D35F2416E3062700DA4552 /* DESGame.m */,
				87D35F2716E3066200DA4552 /* DESLevenshtein.h */,
				87D35F2816E3066200DA4552 /* DESLevenshtein.m */,
			);
			name = models;
			sourceTree = "<group>";
		};
		87D35F3216E494F800DA4552 /* controllers */ = {
			isa = PBXGroup;
			children = (
				87D35F2F16E486EC00DA4552 /* DESHistoryViewController.h */,
				87D35F3016E486EC00DA4552 /* DESHistoryViewController.m */,
				87D35F1B16E3034F00DA4552 /* DESViewController.h */,
				87D35F1C16E3034F00DA4552 /* DESViewController.m */,
			);
			name = controllers;
			sourceTree = "<group>";
		};
/* End PBXGroup section */

/* Begin PBXNativeTarget section */
		87D35EFC16E3034F00DA4552 /* Toast */ = {
			isa = PBXNativeTarget;
			buildConfigurationList = 87D35F2016E3034F00DA4552 /* Build configuration list for PBXNativeTarget "Toast" */;
			buildPhases = (
				87D35EF916E3034F00DA4552 /* Sources */,
				87D35EFA16E3034F00DA4552 /* Frameworks */,
				87D35EFB16E3034F00DA4552 /* Resources */,
			);
			buildRules = (
			);
			dependencies = (
			);
			name = Toast;
			productName = Toast;
			productReference = 87D35EFD16E3034F00DA4552 /* Toast.app */;
			productType = "com.apple.product-type.application";
		};
/* End PBXNativeTarget section */

/* Begin PBXProject section */
		87D35EF516E3034F00DA4552 /* Project object */ = {
			isa = PBXProject;
			attributes = {
				CLASSPREFIX = DES;
				LastUpgradeCheck = 0460;
				ORGANIZATIONNAME = "Danielle Sucher";
			};
			buildConfigurationList = 87D35EF816E3034F00DA4552 /* Build configuration list for PBXProject "Toast" */;
			compatibilityVersion = "Xcode 3.2";
			developmentRegion = English;
			hasScannedForEncodings = 0;
			knownRegions = (
				en,
			);
			mainGroup = 87D35EF416E3034F00DA4552;
			productRefGroup = 87D35EFE16E3034F00DA4552 /* Products */;
			projectDirPath = "";
			projectRoot = "";
			targets = (
				87D35EFC16E3034F00DA4552 /* Toast */,
			);
		};
/* End PBXProject section */

/* Begin PBXResourcesBuildPhase section */
		87D35EFB16E3034F00DA4552 /* Resources */ = {
			isa = PBXResourcesBuildPhase;
			buildActionMask = 2147483647;
			files = (
				87D35F3916E52DF000DA4552 /* wordList.sqlite3 in Resources */,
				87D35F0B16E3034F00DA4552 /* InfoPlist.strings in Resources */,
				87D35F1316E3034F00DA4552 /* Default.png in Resources */,
				87D35F1516E3034F00DA4552 /* Default@2x.png in Resources */,
				87D35F1716E3034F00DA4552 /* Default-568h@2x.png in Resources */,
				87D35F1A16E3034F00DA4552 /* MainStoryboard.storyboard in Resources */,
				87D35F3416E5133500DA4552 /* commonwords.txt in Resources */,
			);
			runOnlyForDeploymentPostprocessing = 0;
		};
/* End PBXResourcesBuildPhase section */

/* Begin PBXSourcesBuildPhase section */
		87D35EF916E3034F00DA4552 /* Sources */ = {
			isa = PBXSourcesBuildPhase;
			buildActionMask = 2147483647;
			files = (
				87D35F0D16E3034F00DA4552 /* main.m in Sources */,
				87D35F1116E3034F00DA4552 /* DESAppDelegate.m in Sources */,
				87D35F1D16E3034F00DA4552 /* DESViewController.m in Sources */,
				87D35F2516E3062700DA4552 /* DESGame.m in Sources */,
				87D35F2916E3066200DA4552 /* DESLevenshtein.m in Sources */,
				87D35F3116E486EC00DA4552 /* DESHistoryViewController.m in Sources */,
			);
			runOnlyForDeploymentPostprocessing = 0;
		};
/* End PBXSourcesBuildPhase section */

/* Begin PBXVariantGroup section */
		87D35F0916E3034F00DA4552 /* InfoPlist.strings */ = {
			isa = PBXVariantGroup;
			children = (
				87D35F0A16E3034F00DA4552 /* en */,
			);
			name = InfoPlist.strings;
			sourceTree = "<group>";
		};
		87D35F1816E3034F00DA4552 /* MainStoryboard.storyboard */ = {
			isa = PBXVariantGroup;
			children = (
				87D35F1916E3034F00DA4552 /* en */,
			);
			name = MainStoryboard.storyboard;
			sourceTree = "<group>";
		};
/* End PBXVariantGroup section */

/* Begin XCBuildConfiguration section */
		87D35F1E16E3034F00DA4552 /* Debug */ = {
			isa = XCBuildConfiguration;
			buildSettings = {
				ALWAYS_SEARCH_USER_PATHS = NO;
				CLANG_CXX_LANGUAGE_STANDARD = "gnu++0x";
				CLANG_CXX_LIBRARY = "libc++";
				CLANG_ENABLE_OBJC_ARC = YES;
				CLANG_WARN_CONSTANT_CONVERSION = YES;
				CLANG_WARN_EMPTY_BODY = YES;
				CLANG_WARN_ENUM_CONVERSION = YES;
				CLANG_WARN_INT_CONVERSION = YES;
				CLANG_WARN__DUPLICATE_METHOD_MATCH = YES;
				"CODE_SIGN_IDENTITY[sdk=iphoneos*]" = "iPhone Developer";
				COPY_PHASE_STRIP = NO;
				GCC_C_LANGUAGE_STANDARD = gnu99;
				GCC_DYNAMIC_NO_PIC = NO;
				GCC_OPTIMIZATION_LEVEL = 0;
				GCC_PREPROCESSOR_DEFINITIONS = (
					"DEBUG=1",
					"$(inherited)",
				);
				GCC_SYMBOLS_PRIVATE_EXTERN = NO;
				GCC_WARN_ABOUT_RETURN_TYPE = YES;
				GCC_WARN_UNINITIALIZED_AUTOS = YES;
				GCC_WARN_UNUSED_VARIABLE = YES;
				IPHONEOS_DEPLOYMENT_TARGET = 6.1;
				ONLY_ACTIVE_ARCH = YES;
				SDKROOT = iphoneos;
			};
			name = Debug;
		};
		87D35F1F16E3034F00DA4552 /* Release */ = {
			isa = XCBuildConfiguration;
			buildSettings = {
				ALWAYS_SEARCH_USER_PATHS = NO;
				CLANG_CXX_LANGUAGE_STANDARD = "gnu++0x";
				CLANG_CXX_LIBRARY = "libc++";
				CLANG_ENABLE_OBJC_ARC = YES;
				CLANG_WARN_CONSTANT_CONVERSION = YES;
				CLANG_WARN_EMPTY_BODY = YES;
				CLANG_WARN_ENUM_CONVERSION = YES;
				CLANG_WARN_INT_CONVERSION = YES;
				CLANG_WARN__DUPLICATE_METHOD_MATCH = YES;
				"CODE_SIGN_IDENTITY[sdk=iphoneos*]" = "iPhone Developer";
				COPY_PHASE_STRIP = YES;
				GCC_C_LANGUAGE_STANDARD = gnu99;
				GCC_WARN_ABOUT_RETURN_TYPE = YES;
				GCC_WARN_UNINITIALIZED_AUTOS = YES;
				GCC_WARN_UNUSED_VARIABLE = YES;
				IPHONEOS_DEPLOYMENT_TARGET = 6.1;
				OTHER_CFLAGS = "-DNS_BLOCK_ASSERTIONS=1";
				SDKROOT = iphoneos;
				VALIDATE_PRODUCT = YES;
			};
			name = Release;
		};
		87D35F2116E3034F00DA4552 /* Debug */ = {
			isa = XCBuildConfiguration;
			buildSettings = {
				GCC_PRECOMPILE_PREFIX_HEADER = YES;
				GCC_PREFIX_HEADER = "Toast/Toast-Prefix.pch";
				INFOPLIST_FILE = "Toast/Toast-Info.plist";
				PRODUCT_NAME = "$(TARGET_NAME)";
				WRAPPER_EXTENSION = app;
			};
			name = Debug;
		};
		87D35F2216E3034F00DA4552 /* Release */ = {
			isa = XCBuildConfiguration;
			buildSettings = {
				GCC_PRECOMPILE_PREFIX_HEADER = YES;
				GCC_PREFIX_HEADER = "Toast/Toast-Prefix.pch";
				INFOPLIST_FILE = "Toast/Toast-Info.plist";
				PRODUCT_NAME = "$(TARGET_NAME)";
				WRAPPER_EXTENSION = app;
			};
			name = Release;
		};
/* End XCBuildConfiguration section */

/* Begin XCConfigurationList section */
		87D35EF816E3034F00DA4552 /* Build configuration list for PBXProject "Toast" */ = {
			isa = XCConfigurationList;
			buildConfigurations = (
				87D35F1E16E3034F00DA4552 /* Debug */,
				87D35F1F16E3034F00DA4552 /* Release */,
			);
			defaultConfigurationIsVisible = 0;
			defaultConfigurationName = Release;
		};
		87D35F2016E3034F00DA4552 /* Build configuration list for PBXNativeTarget "Toast" */ = {
			isa = XCConfigurationList;
			buildConfigurations = (
				87D35F2116E3034F00DA4552 /* Debug */,
				87D35F2216E3034F00DA4552 /* Release */,
			);
			defaultConfigurationIsVisible = 0;
		};
/* End XCConfigurationList section */
	};
	rootObject = 87D35EF516E3034F00DA4552 /* Project object */;
}
